// !$*UTF8*$!
{
	archiveVersion = 1;
	classes = {
	};
	objectVersion = 56;
	objects = {

/* Begin PBXBuildFile section */
		5D24033629BB6C89007BC695 /* AppDelegate.swift in Sources */ = {isa = PBXBuildFile; fileRef = 5D24033529BB6C89007BC695 /* AppDelegate.swift */; };
		5D24033829BB6C89007BC695 /* SceneDelegate.swift in Sources */ = {isa = PBXBuildFile; fileRef = 5D24033729BB6C89007BC695 /* SceneDelegate.swift */; };
		5D24033A29BB6C89007BC695 /* ViewController.swift in Sources */ = {isa = PBXBuildFile; fileRef = 5D24033929BB6C89007BC695 /* ViewController.swift */; };
		5D24033D29BB6C89007BC695 /* Main.storyboard in Resources */ = {isa = PBXBuildFile; fileRef = 5D24033B29BB6C89007BC695 /* Main.storyboard */; };
		5D24033F29BB6C8D007BC695 /* Assets.xcassets in Resources */ = {isa = PBXBuildFile; fileRef = 5D24033E29BB6C8D007BC695 /* Assets.xcassets */; };
		5D24034229BB6C8D007BC695 /* LaunchScreen.storyboard in Resources */ = {isa = PBXBuildFile; fileRef = 5D24034029BB6C8D007BC695 /* LaunchScreen.storyboard */; };
		5D24034A29BB71B4007BC695 /* TableViewCell.swift in Sources */ = {isa = PBXBuildFile; fileRef = 5D24034929BB71B4007BC695 /* TableViewCell.swift */; };
		5D24034C29BB73D8007BC695 /* favouriteViewController.swift in Sources */ = {isa = PBXBuildFile; fileRef = 5D24034B29BB73D8007BC695 /* favouriteViewController.swift */; };
/* End PBXBuildFile section */

/* Begin PBXFileReference section */
		5D24033229BB6C89007BC695 /* FavouriteSelectByHeart.app */ = {isa = PBXFileReference; explicitFileType = wrapper.application; includeInIndex = 0; path = FavouriteSelectByHeart.app; sourceTree = BUILT_PRODUCTS_DIR; };
		5D24033529BB6C89007BC695 /* AppDelegate.swift */ = {isa = PBXFileReference; lastKnownFileType = sourcecode.swift; path = AppDelegate.swift; sourceTree = "<group>"; };
		5D24033729BB6C89007BC695 /* SceneDelegate.swift */ = {isa = PBXFileReference; lastKnownFileType = sourcecode.swift; path = SceneDelegate.swift; sourceTree = "<group>"; };
		5D24033929BB6C89007BC695 /* ViewController.swift */ = {isa = PBXFileReference; lastKnownFileType = sourcecode.swift; path = ViewController.swift; sourceTree = "<group>"; };
		5D24033C29BB6C89007BC695 /* Base */ = {isa = PBXFileReference; lastKnownFileType = file.storyboard; name = Base; path = Base.lproj/Main.storyboard; sourceTree = "<group>"; };
		5D24033E29BB6C8D007BC695 /* Assets.xcassets */ = {isa = PBXFileReference; lastKnownFileType = folder.assetcatalog; path = Assets.xcassets; sourceTree = "<group>"; };
		5D24034129BB6C8D007BC695 /* Base */ = {isa = PBXFileReference; lastKnownFileType = file.storyboard; name = Base; path = Base.lproj/LaunchScreen.storyboard; sourceTree = "<group>"; };
		5D24034329BB6C8D007BC695 /* Info.plist */ = {isa = PBXFileReference; lastKnownFileType = text.plist.xml; path = Info.plist; sourceTree = "<group>"; };
		5D24034929BB71B4007BC695 /* TableViewCell.swift */ = {isa = PBXFileReference; lastKnownFileType = sourcecode.swift; path = TableViewCell.swift; sourceTree = "<group>"; };
		5D24034B29BB73D8007BC695 /* favouriteViewController.swift */ = {isa = PBXFileReference; lastKnownFileType = sourcecode.swift; path = favouriteViewController.swift; sourceTree = "<group>"; };
/* End PBXFileReference section */

/* Begin PBXFrameworksBuildPhase section */
		5D24032F29BB6C89007BC695 /* Frameworks */ = {
			isa = PBXFrameworksBuildPhase;
			buildActionMask = 2147483647;
			files = (
			);
			runOnlyForDeploymentPostprocessing = 0;
		};
/* End PBXFrameworksBuildPhase section */

/* Begin PBXGroup section */
		5D24032929BB6C89007BC695 = {
			isa = PBXGroup;
			children = (
				5D24033429BB6C89007BC695 /* FavouriteSelectByHeart */,
				5D24033329BB6C89007BC695 /* Products */,
			);
			sourceTree = "<group>";
		};
		5D24033329BB6C89007BC695 /* Products */ = {
			isa = PBXGroup;
			children = (
				5D24033229BB6C89007BC695 /* FavouriteSelectByHeart.app */,
			);
			name = Products;
			sourceTree = "<group>";
		};
		5D24033429BB6C89007BC695 /* FavouriteSelectByHeart */ = {
			isa = PBXGroup;
			children = (
				5D24033529BB6C89007BC695 /* AppDelegate.swift */,
				5D24033729BB6C89007BC695 /* SceneDelegate.swift */,
				5D24033929BB6C89007BC695 /* ViewController.swift */,
				5D24034B29BB73D8007BC695 /* favouriteViewController.swift */,
				5D24033B29BB6C89007BC695 /* Main.storyboard */,
				5D24033E29BB6C8D007BC695 /* Assets.xcassets */,
				5D24034029BB6C8D007BC695 /* LaunchScreen.storyboard */,
				5D24034929BB71B4007BC695 /* TableViewCell.swift */,
				5D24034329BB6C8D007BC695 /* Info.plist */,
			);
			path = FavouriteSelectByHeart;
			sourceTree = "<group>";
		};
/* End PBXGroup section */

/* Begin PBXNativeTarget section */
		5D24033129BB6C89007BC695 /* FavouriteSelectByHeart */ = {
			isa = PBXNativeTarget;
			buildConfigurationList = 5D24034629BB6C8D007BC695 /* Build configuration list for PBXNativeTarget "FavouriteSelectByHeart" */;
			buildPhases = (
				5D24032E29BB6C89007BC695 /* Sources */,
				5D24032F29BB6C89007BC695 /* Frameworks */,
				5D24033029BB6C89007BC695 /* Resources */,
			);
			buildRules = (
			);
			dependencies = (
			);
			name = FavouriteSelectByHeart;
			productName = FavouriteSelectByHeart;
			productReference = 5D24033229BB6C89007BC695 /* FavouriteSelectByHeart.app */;
			productType = "com.apple.product-type.application";
		};
/* End PBXNativeTarget section */

/* Begin PBXProject section */
		5D24032A29BB6C89007BC695 /* Project object */ = {
			isa = PBXProject;
			attributes = {
				BuildIndependentTargetsInParallel = 1;
				LastSwiftUpdateCheck = 1420;
				LastUpgradeCheck = 1420;
				TargetAttributes = {
					5D24033129BB6C89007BC695 = {
						CreatedOnToolsVersion = 14.2;
					};
				};
			};
			buildConfigurationList = 5D24032D29BB6C89007BC695 /* Build configuration list for PBXProject "FavouriteSelectByHeart" */;
			compatibilityVersion = "Xcode 14.0";
			developmentRegion = en;
			hasScannedForEncodings = 0;
			knownRegions = (
				en,
				Base,
			);
			mainGroup = 5D24032929BB6C89007BC695;
			productRefGroup = 5D24033329BB6C89007BC695 /* Products */;
			projectDirPath = "";
			projectRoot = "";
			targets = (
				5D24033129BB6C89007BC695 /* FavouriteSelectByHeart */,
			);
		};
/* End PBXProject section */

/* Begin PBXResourcesBuildPhase section */
		5D24033029BB6C89007BC695 /* Resources */ = {
			isa = PBXResourcesBuildPhase;
			buildActionMask = 2147483647;
			files = (
				5D24034229BB6C8D007BC695 /* LaunchScreen.storyboard in Resources */,
				5D24033F29BB6C8D007BC695 /* Assets.xcassets in Resources */,
				5D24033D29BB6C89007BC695 /* Main.storyboard in Resources */,
			);
			runOnlyForDeploymentPostprocessing = 0;
		};
/* End PBXResourcesBuildPhase section */

/* Begin PBXSourcesBuildPhase section */
		5D24032E29BB6C89007BC695 /* Sources */ = {
			isa = PBXSourcesBuildPhase;
			buildActionMask = 2147483647;
			files = (
				5D24034C29BB73D8007BC695 /* favouriteViewController.swift in Sources */,
				5D24033A29BB6C89007BC695 /* ViewController.swift in Sources */,
				5D24034A29BB71B4007BC695 /* TableViewCell.swift in Sources */,
				5D24033629BB6C89007BC695 /* AppDelegate.swift in Sources */,
				5D24033829BB6C89007BC695 /* SceneDelegate.swift in Sources */,
			);
			runOnlyForDeploymentPostprocessing = 0;
		};
/* End PBXSourcesBuildPhase section */

/* Begin PBXVariantGroup section */
		5D24033B29BB6C89007BC695 /* Main.storyboard */ = {
			isa = PBXVariantGroup;
			children = (
				5D24033C29BB6C89007BC695 /* Base */,
			);
			name = Main.storyboard;
			sourceTree = "<group>";
		};
		5D24034029BB6C8D007BC695 /* LaunchScreen.storyboard */ = {
			isa = PBXVariantGroup;
			children = (
				5D24034129BB6C8D007BC695 /* Base */,
			);
			name = LaunchScreen.storyboard;
			sourceTree = "<group>";
		};
/* End PBXVariantGroup section */

/* Begin XCBuildConfiguration section */
		5D24034429BB6C8D007BC695 /* Debug */ = {
			isa = XCBuildConfiguration;
			buildSettings = {
				ALWAYS_SEARCH_USER_PATHS = NO;
				CLANG_ANALYZER_NONNULL = YES;
				CLANG_ANALYZER_NUMBER_OBJECT_CONVERSION = YES_AGGRESSIVE;
				CLANG_CXX_LANGUAGE_STANDARD = "gnu++20";
				CLANG_ENABLE_MODULES = YES;
				CLANG_ENABLE_OBJC_ARC = YES;
				CLANG_ENABLE_OBJC_WEAK = YES;
				CLANG_WARN_BLOCK_CAPTURE_AUTORELEASING = YES;
				CLANG_WARN_BOOL_CONVERSION = YES;
				CLANG_WARN_COMMA = YES;
				CLANG_WARN_CONSTANT_CONVERSION = YES;
				CLANG_WARN_DEPRECATED_OBJC_IMPLEMENTATIONS = YES;
				CLANG_WARN_DIRECT_OBJC_ISA_USAGE = YES_ERROR;
				CLANG_WARN_DOCUMENTATION_COMMENTS = YES;
				CLANG_WARN_EMPTY_BODY = YES;
				CLANG_WARN_ENUM_CONVERSION = YES;
				CLANG_WARN_INFINITE_RECURSION = YES;
				CLANG_WARN_INT_CONVERSION = YES;
				CLANG_WARN_NON_LITERAL_NULL_CONVERSION = YES;
				CLANG_WARN_OBJC_IMPLICIT_RETAIN_SELF = YES;
				CLANG_WARN_OBJC_LITERAL_CONVERSION = YES;
				CLANG_WARN_OBJC_ROOT_CLASS = YES_ERROR;
				CLANG_WARN_QUOTED_INCLUDE_IN_FRAMEWORK_HEADER = YES;
				CLANG_WARN_RANGE_LOOP_ANALYSIS = YES;
				CLANG_WARN_STRICT_PROTOTYPES = YES;
				CLANG_WARN_SUSPICIOUS_MOVE = YES;
				CLANG_WARN_UNGUARDED_AVAILABILITY = YES_AGGRESSIVE;
				CLANG_WARN_UNREACHABLE_CODE = YES;
				CLANG_WARN__DUPLICATE_METHOD_MATCH = YES;
				COPY_PHASE_STRIP = NO;
				DEBUG_INFORMATION_FORMAT = dwarf;
				ENABLE_STRICT_OBJC_MSGSEND = YES;
				ENABLE_TESTABILITY = YES;
				GCC_C_LANGUAGE_STANDARD = gnu11;
				GCC_DYNAMIC_NO_PIC = NO;
				GCC_NO_COMMON_BLOCKS = YES;
				GCC_OPTIMIZATION_LEVEL = 0;
				GCC_PREPROCESSOR_DEFINITIONS = (
					"DEBUG=1",
					"$(inherited)",
				);
				GCC_WARN_64_TO_32_BIT_CONVERSION = YES;
				GCC_WARN_ABOUT_RETURN_TYPE = YES_ERROR;
				GCC_WARN_UNDECLARED_SELECTOR = YES;
				GCC_WARN_UNINITIALIZED_AUTOS = YES_AGGRESSIVE;
				GCC_WARN_UNUSED_FUNCTION = YES;
				GCC_WARN_UNUSED_VARIABLE = YES;
				IPHONEOS_DEPLOYMENT_TARGET = 16.2;
				MTL_ENABLE_DEBUG_INFO = INCLUDE_SOURCE;
				MTL_FAST_MATH = YES;
				ONLY_ACTIVE_ARCH = YES;
				SDKROOT = iphoneos;
				SWIFT_ACTIVE_COMPILATION_CONDITIONS = DEBUG;
				SWIFT_OPTIMIZATION_LEVEL = "-Onone";
			};
			name = Debug;
		};
		5D24034529BB6C8D007BC695 /* Release */ = {
			isa = XCBuildConfiguration;
			buildSettings = {
				ALWAYS_SEARCH_USER_PATHS = NO;
				CLANG_ANALYZER_NONNULL = YES;
				CLANG_ANALYZER_NUMBER_OBJECT_CONVERSION = YES_AGGRESSIVE;
				CLANG_CXX_LANGUAGE_STANDARD = "gnu++20";
				CLANG_ENABLE_MODULES = YES;
				CLANG_ENABLE_OBJC_ARC = YES;
				CLANG_ENABLE_OBJC_WEAK = YES;
				CLANG_WARN_BLOCK_CAPTURE_AUTORELEASING = YES;
				CLANG_WARN_BOOL_CONVERSION = YES;
				CLANG_WARN_COMMA = YES;
				CLANG_WARN_CONSTANT_CONVERSION = YES;
				CLANG_WARN_DEPRECATED_OBJC_IMPLEMENTATIONS = YES;
				CLANG_WARN_DIRECT_OBJC_ISA_USAGE = YES_ERROR;
				CLANG_WARN_DOCUMENTATION_COMMENTS = YES;
				CLANG_WARN_EMPTY_BODY = YES;
				CLANG_WARN_ENUM_CONVERSION = YES;
				CLANG_WARN_INFINITE_RECURSION = YES;
				CLANG_WARN_INT_CONVERSION = YES;
				CLANG_WARN_NON_LITERAL_NULL_CONVERSION = YES;
				CLANG_WARN_OBJC_IMPLICIT_RETAIN_SELF = YES;
				CLANG_WARN_OBJC_LITERAL_CONVERSION = YES;
				CLANG_WARN_OBJC_ROOT_CLASS = YES_ERROR;
				CLANG_WARN_QUOTED_INCLUDE_IN_FRAMEWORK_HEADER = YES;
				CLANG_WARN_RANGE_LOOP_ANALYSIS = YES;
				CLANG_WARN_STRICT_PROTOTYPES = YES;
				CLANG_WARN_SUSPICIOUS_MOVE = YES;
				CLANG_WARN_UNGUARDED_AVAILABILITY = YES_AGGRESSIVE;
				CLANG_WARN_UNREACHABLE_CODE = YES;
				CLANG_WARN__DUPLICATE_METHOD_MATCH = YES;
				COPY_PHASE_STRIP = NO;
				DEBUG_INFORMATION_FORMAT = "dwarf-with-dsym";
				ENABLE_NS_ASSERTIONS = NO;
				ENABLE_STRICT_OBJC_MSGSEND = YES;
				GCC_C_LANGUAGE_STANDARD = gnu11;
				GCC_NO_COMMON_BLOCKS = YES;
				GCC_WARN_64_TO_32_BIT_CONVERSION = YES;
				GCC_WARN_ABOUT_RETURN_TYPE = YES_ERROR;
				GCC_WARN_UNDECLARED_SELECTOR = YES;
				GCC_WARN_UNINITIALIZED_AUTOS = YES_AGGRESSIVE;
				GCC_WARN_UNUSED_FUNCTION = YES;
				GCC_WARN_UNUSED_VARIABLE = YES;
				IPHONEOS_DEPLOYMENT_TARGET = 16.2;
				MTL_ENABLE_DEBUG_INFO = NO;
				MTL_FAST_MATH = YES;
				SDKROOT = iphoneos;
				SWIFT_COMPILATION_MODE = wholemodule;
				SWIFT_OPTIMIZATION_LEVEL = "-O";
				VALIDATE_PRODUCT = YES;
			};
			name = Release;
		};
		5D24034729BB6C8D007BC695 /* Debug */ = {
			isa = XCBuildConfiguration;
			buildSettings = {
				ASSETCATALOG_COMPILER_APPICON_NAME = AppIcon;
				ASSETCATALOG_COMPILER_GLOBAL_ACCENT_COLOR_NAME = AccentColor;
				CODE_SIGN_STYLE = Automatic;
				CURRENT_PROJECT_VERSION = 1;
				GENERATE_INFOPLIST_FILE = YES;
				INFOPLIST_FILE = FavouriteSelectByHeart/Info.plist;
				INFOPLIST_KEY_UIApplicationSupportsIndirectInputEvents = YES;
				INFOPLIST_KEY_UILaunchStoryboardName = LaunchScreen;
				INFOPLIST_KEY_UIMainStoryboardFile = Main;
				INFOPLIST_KEY_UISupportedInterfaceOrientations_iPad = "UIInterfaceOrientationPortrait UIInterfaceOrientationPortraitUpsideDown UIInterfaceOrientationLandscapeLeft UIInterfaceOrientationLandscapeRight";
				INFOPLIST_KEY_UISupportedInterfaceOrientations_iPhone = "UIInterfaceOrientationPortrait UIInterfaceOrientationLandscapeLeft UIInterfaceOrientationLandscapeRight";
				LD_RUNPATH_SEARCH_PATHS = (
					"$(inherited)",
					"@executable_path/Frameworks",
				);
				MARKETING_VERSION = 1.0;
				PRODUCT_BUNDLE_IDENTIFIER = dev.in.FavouriteSelectByHeart;
				PRODUCT_NAME = "$(TARGET_NAME)";
				SWIFT_EMIT_LOC_STRINGS = YES;
				SWIFT_VERSION = 5.0;
				TARGETED_DEVICE_FAMILY = "1,2";
			};
			name = Debug;
		};
		5D24034829BB6C8D007BC695 /* Release */ = {
			isa = XCBuildConfiguration;
			buildSettings = {
				ASSETCATALOG_COMPILER_APPICON_NAME = AppIcon;
				ASSETCATALOG_COMPILER_GLOBAL_ACCENT_COLOR_NAME = AccentColor;
				CODE_SIGN_STYLE = Automatic;
				CURRENT_PROJECT_VERSION = 1;
				GENERATE_INFOPLIST_FILE = YES;
				INFOPLIST_FILE = FavouriteSelectByHeart/Info.plist;
				INFOPLIST_KEY_UIApplicationSupportsIndirectInputEvents = YES;
				INFOPLIST_KEY_UILaunchStoryboardName = LaunchScreen;
				INFOPLIST_KEY_UIMainStoryboardFile = Main;
				INFOPLIST_KEY_UISupportedInterfaceOrientations_iPad = "UIInterfaceOrientationPortrait UIInterfaceOrientationPortraitUpsideDown UIInterfaceOrientationLandscapeLeft UIInterfaceOrientationLandscapeRight";
				INFOPLIST_KEY_UISupportedInterfaceOrientations_iPhone = "UIInterfaceOrientationPortrait UIInterfaceOrientationLandscapeLeft UIInterfaceOrientationLandscapeRight";
				LD_RUNPATH_SEARCH_PATHS = (
					"$(inherited)",
					"@executable_path/Frameworks",
				);
				MARKETING_VERSION = 1.0;
				PRODUCT_BUNDLE_IDENTIFIER = dev.in.FavouriteSelectByHeart;
				PRODUCT_NAME = "$(TARGET_NAME)";
				SWIFT_EMIT_LOC_STRINGS = YES;
				SWIFT_VERSION = 5.0;
				TARGETED_DEVICE_FAMILY = "1,2";
			};
			name = Release;
		};
/* End XCBuildConfiguration section */

/* Begin XCConfigurationList section */
		5D24032D29BB6C89007BC695 /* Build configuration list for PBXProject "FavouriteSelectByHeart" */ = {
			isa = XCConfigurationList;
			buildConfigurations = (
				5D24034429BB6C8D007BC695 /* Debug */,
				5D24034529BB6C8D007BC695 /* Release */,
			);
			defaultConfigurationIsVisible = 0;
			defaultConfigurationName = Release;
		};
		5D24034629BB6C8D007BC695 /* Build configuration list for PBXNativeTarget "FavouriteSelectByHeart" */ = {
			isa = XCConfigurationList;
			buildConfigurations = (
				5D24034729BB6C8D007BC695 /* Debug */,
				5D24034829BB6C8D007BC695 /* Release */,
			);
			defaultConfigurationIsVisible = 0;
			defaultConfigurationName = Release;
		};
/* End XCConfigurationList section */
	};
	rootObject = 5D24032A29BB6C89007BC695 /* Project object */;
}
